
Microsoft Visual Studio Solution File, Format Version 12.00
# Visual Studio Version 17
VisualStudioVersion = 17.4.33213.308
MinimumVisualStudioVersion = 10.0.40219.1
Project("{2150E333-8FDC-42A3-9474-1A3956D46DE8}") = "Lab01", "Lab01", "{4BA11815-62CC-4044-BCF2-5FD3499D06C9}"
EndProject
Project("{9A19103F-16F7-4668-BE54-9A1E7A4F7556}") = "CesarCipher", "CesarCipher\CesarCipher.csproj", "{C7FD3CA4-811F-464C-9031-E3C17A115DD7}"
EndProject
Project("{2150E333-8FDC-42A3-9474-1A3956D46DE8}") = "Lab02", "Lab02", "{998190FD-15F2-4008-9AE8-8D16635FD2AF}"
EndProject
Project("{9A19103F-16F7-4668-BE54-9A1E7A4F7556}") = "AffineCipher", "AffineCipher\AffineCipher.csproj", "{A44EE01D-66AF-4220-9BBB-7E52564F5277}"
EndProject
Project("{9A19103F-16F7-4668-BE54-9A1E7A4F7556}") = "ClassLibrary", "ClassLibrary\ClassLibrary.csproj", "{74EDE449-EEEE-48A9-8911-D86968962CA1}"
EndProject
Project("{2150E333-8FDC-42A3-9474-1A3956D46DE8}") = "Lab03", "Lab03", "{D80DC506-5224-497A-A74E-7898C484FA6D}"
EndProject
Project("{9A19103F-16F7-4668-BE54-9A1E7A4F7556}") = "GammaCipher", "GammaCipher\GammaCipher.csproj", "{862FE15A-467E-42B0-BCE1-A27EF02B85FD}"
EndProject
Project("{2150E333-8FDC-42A3-9474-1A3956D46DE8}") = "Lab04", "Lab04", "{B0EDBEBB-23EB-45D1-91FB-B263F18BE32D}"
EndProject
Project("{9A19103F-16F7-4668-BE54-9A1E7A4F7556}") = "S-DES", "S-DES\S-DES.csproj", "{5192C7A3-67A3-4659-A868-99FC25C4676B}"
EndProject
Project("{2150E333-8FDC-42A3-9474-1A3956D46DE8}") = "Lab06", "Lab06", "{976C8B03-3B21-44B9-A0EC-DE13667E0EE4}"
EndProject
Project("{9A19103F-16F7-4668-BE54-9A1E7A4F7556}") = "RSA", "RSA\RSA.csproj", "{F5FA17A3-C242-40AE-B31C-0A93B20D2545}"
EndProject
Project("{2150E333-8FDC-42A3-9474-1A3956D46DE8}") = "Lab05", "Lab05", "{E8A1251E-052C-4B7C-8FB5-29B198E93765}"
EndProject
Project("{9A19103F-16F7-4668-BE54-9A1E7A4F7556}") = "S-DES-Analysis", "S-DES-Analysis\S-DES-Analysis.csproj", "{6CD0DC2A-80E2-4FDC-BA81-30D522766898}"
EndProject
Project("{9A19103F-16F7-4668-BE54-9A1E7A4F7556}") = "Diffie-Hellman Algorithm", "Diffie-Hellman Algorithm\Diffie-Hellman Algorithm.csproj", "{7AEE9989-F95B-46E9-BD61-995ABCD9A6B0}"
EndProject
Project("{2150E333-8FDC-42A3-9474-1A3956D46DE8}") = "Lab07", "Lab07", "{5ED297CA-4CC4-438E-96A5-2AA6F013B58E}"
EndProject
Project("{2150E333-8FDC-42A3-9474-1A3956D46DE8}") = "Lab08", "Lab08", "{44B71EE4-9EE6-4279-9647-32D28E54D37F}"
EndProject
Project("{9A19103F-16F7-4668-BE54-9A1E7A4F7556}") = "StreamCipher-BBS", "StreamCipher-BBS\StreamCipher-BBS.csproj", "{397A0713-6209-4011-BA1D-70DD5D5B6CBF}"
EndProject
Project("{2150E333-8FDC-42A3-9474-1A3956D46DE8}") = "Lab09", "Lab09", "{31675540-5423-4DC4-AB9A-3A2259D48DED}"
EndProject
Project("{9A19103F-16F7-4668-BE54-9A1E7A4F7556}") = "SimpleSubstitutionCipher", "SimpleSubstitutionCipher\SimpleSubstitutionCipher.csproj", "{67E5E6C5-13D7-4908-ADAC-1825D44D541C}"
EndProject
Project("{2150E333-8FDC-42A3-9474-1A3956D46DE8}") = "Lab10", "Lab10", "{F87D676B-D4AC-4281-9C91-80F0A6796AB5}"
EndProject
Project("{9A19103F-16F7-4668-BE54-9A1E7A4F7556}") = "Lab10.Client", "Lab10.Client\Lab10.Client.csproj", "{845AC093-7498-4AFC-A9A3-F6AEFE10FB91}"
EndProject
Project("{9A19103F-16F7-4668-BE54-9A1E7A4F7556}") = "Lab10.Server", "Lab10.Server\Lab10.Server.csproj", "{A775347E-4F59-425C-8650-ACE09E4CA178}"
EndProject
Project("{2150E333-8FDC-42A3-9474-1A3956D46DE8}") = "Lab11", "Lab11", "{BE44C61C-EDF6-4841-9FC9-C20E7386D1E5}"
EndProject
Project("{FAE04EC0-301F-11D3-BF4B-00C04F79EFBC}") = "BlockCipherMode-Analysis", "BlockCipherMode-Analysis\BlockCipherMode-Analysis.csproj", "{F04902AF-8350-4C6B-8023-39DAF480D153}"
EndProject
Global
	GlobalSection(SolutionConfigurationPlatforms) = preSolution
		Debug|Any CPU = Debug|Any CPU
		Release|Any CPU = Release|Any CPU
	EndGlobalSection
	GlobalSection(ProjectConfigurationPlatforms) = postSolution
		{C7FD3CA4-811F-464C-9031-E3C17A115DD7}.Debug|Any CPU.ActiveCfg = Debug|Any CPU
		{C7FD3CA4-811F-464C-9031-E3C17A115DD7}.Debug|Any CPU.Build.0 = Debug|Any CPU
		{C7FD3CA4-811F-464C-9031-E3C17A115DD7}.Release|Any CPU.ActiveCfg = Release|Any CPU
		{C7FD3CA4-811F-464C-9031-E3C17A115DD7}.Release|Any CPU.Build.0 = Release|Any CPU
		{A44EE01D-66AF-4220-9BBB-7E52564F5277}.Debug|Any CPU.ActiveCfg = Debug|Any CPU
		{A44EE01D-66AF-4220-9BBB-7E52564F5277}.Debug|Any CPU.Build.0 = Debug|Any CPU
		{A44EE01D-66AF-4220-9BBB-7E52564F5277}.Release|Any CPU.ActiveCfg = Release|Any CPU
		{A44EE01D-66AF-4220-9BBB-7E52564F5277}.Release|Any CPU.Build.0 = Release|Any CPU
		{74EDE449-EEEE-48A9-8911-D86968962CA1}.Debug|Any CPU.ActiveCfg = Debug|Any CPU
		{74EDE449-EEEE-48A9-8911-D86968962CA1}.Debug|Any CPU.Build.0 = Debug|Any CPU
		{74EDE449-EEEE-48A9-8911-D86968962CA1}.Release|Any CPU.ActiveCfg = Release|Any CPU
		{74EDE449-EEEE-48A9-8911-D86968962CA1}.Release|Any CPU.Build.0 = Release|Any CPU
		{862FE15A-467E-42B0-BCE1-A27EF02B85FD}.Debug|Any CPU.ActiveCfg = Debug|Any CPU
		{862FE15A-467E-42B0-BCE1-A27EF02B85FD}.Debug|Any CPU.Build.0 = Debug|Any CPU
		{862FE15A-467E-42B0-BCE1-A27EF02B85FD}.Release|Any CPU.ActiveCfg = Release|Any CPU
		{862FE15A-467E-42B0-BCE1-A27EF02B85FD}.Release|Any CPU.Build.0 = Release|Any CPU
		{5192C7A3-67A3-4659-A868-99FC25C4676B}.Debug|Any CPU.ActiveCfg = Debug|Any CPU
		{5192C7A3-67A3-4659-A868-99FC25C4676B}.Debug|Any CPU.Build.0 = Debug|Any CPU
		{5192C7A3-67A3-4659-A868-99FC25C4676B}.Release|Any CPU.ActiveCfg = Release|Any CPU
		{5192C7A3-67A3-4659-A868-99FC25C4676B}.Release|Any CPU.Build.0 = Release|Any CPU
		{F5FA17A3-C242-40AE-B31C-0A93B20D2545}.Debug|Any CPU.ActiveCfg = Debug|Any CPU
		{F5FA17A3-C242-40AE-B31C-0A93B20D2545}.Debug|Any CPU.Build.0 = Debug|Any CPU
		{F5FA17A3-C242-40AE-B31C-0A93B20D2545}.Release|Any CPU.ActiveCfg = Release|Any CPU
		{F5FA17A3-C242-40AE-B31C-0A93B20D2545}.Release|Any CPU.Build.0 = Release|Any CPU
		{6CD0DC2A-80E2-4FDC-BA81-30D522766898}.Debug|Any CPU.ActiveCfg = Debug|Any CPU
		{6CD0DC2A-80E2-4FDC-BA81-30D522766898}.Debug|Any CPU.Build.0 = Debug|Any CPU
		{6CD0DC2A-80E2-4FDC-BA81-30D522766898}.Release|Any CPU.ActiveCfg = Release|Any CPU
		{6CD0DC2A-80E2-4FDC-BA81-30D522766898}.Release|Any CPU.Build.0 = Release|Any CPU
		{7AEE9989-F95B-46E9-BD61-995ABCD9A6B0}.Debug|Any CPU.ActiveCfg = Debug|Any CPU
		{7AEE9989-F95B-46E9-BD61-995ABCD9A6B0}.Debug|Any CPU.Build.0 = Debug|Any CPU
		{7AEE9989-F95B-46E9-BD61-995ABCD9A6B0}.Release|Any CPU.ActiveCfg = Release|Any CPU
		{7AEE9989-F95B-46E9-BD61-995ABCD9A6B0}.Release|Any CPU.Build.0 = Release|Any CPU
		{397A0713-6209-4011-BA1D-70DD5D5B6CBF}.Debug|Any CPU.ActiveCfg = Debug|Any CPU
		{397A0713-6209-4011-BA1D-70DD5D5B6CBF}.Debug|Any CPU.Build.0 = Debug|Any CPU
		{397A0713-6209-4011-BA1D-70DD5D5B6CBF}.Release|Any CPU.ActiveCfg = Release|Any CPU
		{397A0713-6209-4011-BA1D-70DD5D5B6CBF}.Release|Any CPU.Build.0 = Release|Any CPU
		{67E5E6C5-13D7-4908-ADAC-1825D44D541C}.Debug|Any CPU.ActiveCfg = Debug|Any CPU
		{67E5E6C5-13D7-4908-ADAC-1825D44D541C}.Debug|Any CPU.Build.0 = Debug|Any CPU
		{67E5E6C5-13D7-4908-ADAC-1825D44D541C}.Release|Any CPU.ActiveCfg = Release|Any CPU
		{67E5E6C5-13D7-4908-ADAC-1825D44D541C}.Release|Any CPU.Build.0 = Release|Any CPU
		{845AC093-7498-4AFC-A9A3-F6AEFE10FB91}.Debug|Any CPU.ActiveCfg = Debug|Any CPU
		{845AC093-7498-4AFC-A9A3-F6AEFE10FB91}.Debug|Any CPU.Build.0 = Debug|Any CPU
		{845AC093-7498-4AFC-A9A3-F6AEFE10FB91}.Release|Any CPU.ActiveCfg = Release|Any CPU
		{845AC093-7498-4AFC-A9A3-F6AEFE10FB91}.Release|Any CPU.Build.0 = Release|Any CPU
		{A775347E-4F59-425C-8650-ACE09E4CA178}.Debug|Any CPU.ActiveCfg = Debug|Any CPU
		{A775347E-4F59-425C-8650-ACE09E4CA178}.Debug|Any CPU.Build.0 = Debug|Any CPU
		{A775347E-4F59-425C-8650-ACE09E4CA178}.Release|Any CPU.ActiveCfg = Release|Any CPU
		{A775347E-4F59-425C-8650-ACE09E4CA178}.Release|Any CPU.Build.0 = Release|Any CPU
		{F04902AF-8350-4C6B-8023-39DAF480D153}.Debug|Any CPU.ActiveCfg = Debug|Any CPU
		{F04902AF-8350-4C6B-8023-39DAF480D153}.Debug|Any CPU.Build.0 = Debug|Any CPU
		{F04902AF-8350-4C6B-8023-39DAF480D153}.Release|Any CPU.ActiveCfg = Release|Any CPU
		{F04902AF-8350-4C6B-8023-39DAF480D153}.Release|Any CPU.Build.0 = Release|Any CPU
	EndGlobalSection
	GlobalSection(SolutionProperties) = preSolution
		HideSolutionNode = FALSE
	EndGlobalSection
	GlobalSection(NestedProjects) = preSolution
		{C7FD3CA4-811F-464C-9031-E3C17A115DD7} = {4BA11815-62CC-4044-BCF2-5FD3499D06C9}
		{A44EE01D-66AF-4220-9BBB-7E52564F5277} = {998190FD-15F2-4008-9AE8-8D16635FD2AF}
		{862FE15A-467E-42B0-BCE1-A27EF02B85FD} = {D80DC506-5224-497A-A74E-7898C484FA6D}
		{5192C7A3-67A3-4659-A868-99FC25C4676B} = {B0EDBEBB-23EB-45D1-91FB-B263F18BE32D}
		{F5FA17A3-C242-40AE-B31C-0A93B20D2545} = {976C8B03-3B21-44B9-A0EC-DE13667E0EE4}
		{6CD0DC2A-80E2-4FDC-BA81-30D522766898} = {E8A1251E-052C-4B7C-8FB5-29B198E93765}
		{7AEE9989-F95B-46E9-BD61-995ABCD9A6B0} = {5ED297CA-4CC4-438E-96A5-2AA6F013B58E}
		{397A0713-6209-4011-BA1D-70DD5D5B6CBF} = {44B71EE4-9EE6-4279-9647-32D28E54D37F}
		{67E5E6C5-13D7-4908-ADAC-1825D44D541C} = {31675540-5423-4DC4-AB9A-3A2259D48DED}
		{845AC093-7498-4AFC-A9A3-F6AEFE10FB91} = {F87D676B-D4AC-4281-9C91-80F0A6796AB5}
		{A775347E-4F59-425C-8650-ACE09E4CA178} = {F87D676B-D4AC-4281-9C91-80F0A6796AB5}
		{F04902AF-8350-4C6B-8023-39DAF480D153} = {BE44C61C-EDF6-4841-9FC9-C20E7386D1E5}
	EndGlobalSection
	GlobalSection(ExtensibilityGlobals) = postSolution
		SolutionGuid = {20310889-253B-4A7F-A13F-60157D33BF55}
	EndGlobalSection
EndGlobal
