
Microsoft Visual Studio Solution File, Format Version 12.00
# Visual Studio Version 17
VisualStudioVersion = 17.4.33213.308
MinimumVisualStudioVersion = 10.0.40219.1
Project("{2150E333-8FDC-42A3-9474-1A3956D46DE8}") = "Lab1", "Lab1", "{4BA11815-62CC-4044-BCF2-5FD3499D06C9}"
EndProject
Project("{9A19103F-16F7-4668-BE54-9A1E7A4F7556}") = "CesarCipher", "CesarCipher\CesarCipher.csproj", "{C7FD3CA4-811F-464C-9031-E3C17A115DD7}"
EndProject
Project("{2150E333-8FDC-42A3-9474-1A3956D46DE8}") = "Lab2", "Lab2", "{998190FD-15F2-4008-9AE8-8D16635FD2AF}"
EndProject
Project("{FAE04EC0-301F-11D3-BF4B-00C04F79EFBC}") = "AffineCipher", "AffineCipher\AffineCipher.csproj", "{A44EE01D-66AF-4220-9BBB-7E52564F5277}"
EndProject
Project("{FAE04EC0-301F-11D3-BF4B-00C04F79EFBC}") = "ClassLibrary", "ClassLibrary\ClassLibrary.csproj", "{74EDE449-EEEE-48A9-8911-D86968962CA1}"
EndProject
Global
	GlobalSection(SolutionConfigurationPlatforms) = preSolution
		Debug|Any CPU = Debug|Any CPU
		Release|Any CPU = Release|Any CPU
	EndGlobalSection
	GlobalSection(ProjectConfigurationPlatforms) = postSolution
		{C7FD3CA4-811F-464C-9031-E3C17A115DD7}.Debug|Any CPU.ActiveCfg = Debug|Any CPU
		{C7FD3CA4-811F-464C-9031-E3C17A115DD7}.Debug|Any CPU.Build.0 = Debug|Any CPU
		{C7FD3CA4-811F-464C-9031-E3C17A115DD7}.Release|Any CPU.ActiveCfg = Release|Any CPU
		{C7FD3CA4-811F-464C-9031-E3C17A115DD7}.Release|Any CPU.Build.0 = Release|Any CPU
		{A44EE01D-66AF-4220-9BBB-7E52564F5277}.Debug|Any CPU.ActiveCfg = Debug|Any CPU
		{A44EE01D-66AF-4220-9BBB-7E52564F5277}.Debug|Any CPU.Build.0 = Debug|Any CPU
		{A44EE01D-66AF-4220-9BBB-7E52564F5277}.Release|Any CPU.ActiveCfg = Release|Any CPU
		{A44EE01D-66AF-4220-9BBB-7E52564F5277}.Release|Any CPU.Build.0 = Release|Any CPU
		{74EDE449-EEEE-48A9-8911-D86968962CA1}.Debug|Any CPU.ActiveCfg = Debug|Any CPU
		{74EDE449-EEEE-48A9-8911-D86968962CA1}.Debug|Any CPU.Build.0 = Debug|Any CPU
		{74EDE449-EEEE-48A9-8911-D86968962CA1}.Release|Any CPU.ActiveCfg = Release|Any CPU
		{74EDE449-EEEE-48A9-8911-D86968962CA1}.Release|Any CPU.Build.0 = Release|Any CPU
	EndGlobalSection
	GlobalSection(SolutionProperties) = preSolution
		HideSolutionNode = FALSE
	EndGlobalSection
	GlobalSection(NestedProjects) = preSolution
		{C7FD3CA4-811F-464C-9031-E3C17A115DD7} = {4BA11815-62CC-4044-BCF2-5FD3499D06C9}
		{A44EE01D-66AF-4220-9BBB-7E52564F5277} = {998190FD-15F2-4008-9AE8-8D16635FD2AF}
	EndGlobalSection
	GlobalSection(ExtensibilityGlobals) = postSolution
		SolutionGuid = {20310889-253B-4A7F-A13F-60157D33BF55}
	EndGlobalSection
EndGlobal
